<?xml version="1.0" encoding="utf-8"?>
<Project ToolsVersion="4.0" xmlns="http://schemas.microsoft.com/developer/msbuild/2003">
  <ItemGroup>
    <Filter Include="Source Files">
      <UniqueIdentifier>{4FC737F1-C7A5-4376-A066-2A32D752A2FF}</UniqueIdentifier>
      <Extensions>cpp;c;cc;cxx;def;odl;idl;hpj;bat;asm;asmx</Extensions>
    </Filter>
    <Filter Include="Math">
      <UniqueIdentifier>{6adf9a9b-b310-463d-a768-5d4559e70be9}</UniqueIdentifier>
    </Filter>
    <Filter Include="Physic">
      <UniqueIdentifier>{9d006c85-9806-452d-9f62-200491c40e5e}</UniqueIdentifier>
    </Filter>
    <Filter Include="Scene">
      <UniqueIdentifier>{4c84dd6a-a0cd-4f53-a767-f2b4aa731307}</UniqueIdentifier>
    </Filter>
    <Filter Include="Mesh">
      <UniqueIdentifier>{57b32d27-528d-4946-881a-9a4159dc398e}</UniqueIdentifier>
    </Filter>
    <Filter Include="Shader Program">
      <UniqueIdentifier>{830866ae-709c-46db-9d1b-404653381a95}</UniqueIdentifier>
    </Filter>
    <Filter Include="Resource">
      <UniqueIdentifier>{108ed56c-7d1b-4aa9-b9b5-95061268d0e0}</UniqueIdentifier>
    </Filter>
    <Filter Include="Light">
      <UniqueIdentifier>{8bf91132-2143-49ec-a802-1213ed4a2fa3}</UniqueIdentifier>
    </Filter>
    <Filter Include="Renderer">
      <UniqueIdentifier>{9b45159a-197e-4a5e-ae05-1556a7c759f0}</UniqueIdentifier>
    </Filter>
    <Filter Include="Common">
      <UniqueIdentifier>{7f12d77d-1d89-4161-94f5-6d10b9617827}</UniqueIdentifier>
    </Filter>
    <Filter Include="World">
      <UniqueIdentifier>{b1791177-0eeb-464d-b8c3-626a1e0a215e}</UniqueIdentifier>
    </Filter>
    <Filter Include="World\CSGO">
      <UniqueIdentifier>{65f0052b-1dae-4172-9969-d721e462fa5f}</UniqueIdentifier>
    </Filter>
    <Filter Include="Mesh\Studiomdl">
      <UniqueIdentifier>{c5728831-d5d3-4ef4-b7c0-6cd051df9032}</UniqueIdentifier>
    </Filter>
    <Filter Include="Source Files\Test Code">
      <UniqueIdentifier>{8ea18621-db14-45d9-b4aa-d2fe472aa0f3}</UniqueIdentifier>
    </Filter>
    <Filter Include="Mesh\LTB">
      <UniqueIdentifier>{75c0bd9b-0938-4bad-a987-6ff11d5c55bb}</UniqueIdentifier>
    </Filter>
    <Filter Include="World\Terrain">
      <UniqueIdentifier>{161874fe-5a16-4f9a-8b89-30db67ce2d1c}</UniqueIdentifier>
    </Filter>
  </ItemGroup>
  <ItemGroup>
    <ClCompile Include="Source.cpp">
      <Filter>Source Files</Filter>
    </ClCompile>
    <ClCompile Include="Math\EulerAngles.cpp">
      <Filter>Math</Filter>
    </ClCompile>
    <ClCompile Include="Math\Matrix.cpp">
      <Filter>Math</Filter>
    </ClCompile>
    <ClCompile Include="Math\Quaternion.cpp">
      <Filter>Math</Filter>
    </ClCompile>
    <ClCompile Include="StackAllocator.cpp">
      <Filter>Math</Filter>
    </ClCompile>
    <ClCompile Include="Math\Vector.cpp">
      <Filter>Math</Filter>
    </ClCompile>
    <ClCompile Include="Math\CMath.cpp">
      <Filter>Math</Filter>
    </ClCompile>
    <ClCompile Include="Math\Plane.cpp">
      <Filter>Math</Filter>
    </ClCompile>
    <ClCompile Include="GLFW_Main.cpp">
      <Filter>Source Files</Filter>
    </ClCompile>
    <ClCompile Include="Common\Common.cpp">
      <Filter>Common</Filter>
    </ClCompile>
    <ClCompile Include="Common\Log.cpp">
      <Filter>Common</Filter>
    </ClCompile>
    <ClCompile Include="Common\Timer.cpp">
      <Filter>Common</Filter>
    </ClCompile>
    <ClCompile Include="Light\DirectionLight.cpp">
      <Filter>Light</Filter>
    </ClCompile>
    <ClCompile Include="Light\PointLight.cpp">
      <Filter>Light</Filter>
    </ClCompile>
    <ClCompile Include="Light\Spotlight.cpp">
      <Filter>Light</Filter>
    </ClCompile>
    <ClCompile Include="Mesh\Axis.cpp">
      <Filter>Mesh</Filter>
    </ClCompile>
    <ClCompile Include="Mesh\Cube.cpp">
      <Filter>Mesh</Filter>
    </ClCompile>
    <ClCompile Include="Mesh\Mesh.cpp">
      <Filter>Mesh</Filter>
    </ClCompile>
    <ClCompile Include="Mesh\Quad.cpp">
      <Filter>Mesh</Filter>
    </ClCompile>
    <ClCompile Include="Physic\Particle.cpp">
      <Filter>Physic</Filter>
    </ClCompile>
    <ClCompile Include="Physic\pfgen.cpp">
      <Filter>Physic</Filter>
    </ClCompile>
    <ClCompile Include="Renderer\Font.cpp">
      <Filter>Renderer</Filter>
    </ClCompile>
    <ClCompile Include="Renderer\RenderTarget.cpp">
      <Filter>Renderer</Filter>
    </ClCompile>
    <ClCompile Include="Renderer\SkyBox.cpp">
      <Filter>Renderer</Filter>
    </ClCompile>
    <ClCompile Include="Resource\ResourceLoader.cpp">
      <Filter>Resource</Filter>
    </ClCompile>
    <ClCompile Include="Scene\SceneNode.cpp">
      <Filter>Scene</Filter>
    </ClCompile>
    <ClCompile Include="Common\Shader.cpp">
      <Filter>Common</Filter>
    </ClCompile>
    <ClCompile Include="Renderer\MSSA.cpp">
      <Filter>Renderer</Filter>
    </ClCompile>
    <ClCompile Include="Camera.cpp">
      <Filter>Scene</Filter>
    </ClCompile>
    <ClCompile Include="Math\Frustum.cpp">
      <Filter>Scene</Filter>
    </ClCompile>
    <ClCompile Include="Windows.cpp">
      <Filter>Source Files</Filter>
    </ClCompile>
    <ClCompile Include="World\Quake3BSP.cpp">
      <Filter>World</Filter>
    </ClCompile>
    <ClCompile Include="World\MapRenderer.cpp">
      <Filter>World</Filter>
    </ClCompile>
    <ClCompile Include="World\Bsp.cpp">
      <Filter>World\CSGO</Filter>
    </ClCompile>
    <ClCompile Include="World\BspRenderer.cpp">
      <Filter>World\CSGO</Filter>
    </ClCompile>
    <ClCompile Include="World\Entity.cpp">
      <Filter>World\CSGO</Filter>
    </ClCompile>
    <ClCompile Include="World\Image.cpp">
      <Filter>World\CSGO</Filter>
    </ClCompile>
    <ClCompile Include="World\BSPMesh.cpp">
      <Filter>World</Filter>
    </ClCompile>
    <ClCompile Include="Common\Input.cpp">
      <Filter>Common</Filter>
    </ClCompile>
    <ClCompile Include="Mesh\SMDModel.cpp">
      <Filter>Mesh\Studiomdl</Filter>
    </ClCompile>
    <ClCompile Include="Mesh\SMDRenderer.cpp">
      <Filter>Mesh\Studiomdl</Filter>
    </ClCompile>
    <ClCompile Include="TestPlane.cpp">
      <Filter>Source Files\Test Code</Filter>
    </ClCompile>
    <ClCompile Include="Test SMD.cpp">
      <Filter>Source Files\Test Code</Filter>
    </ClCompile>
    <ClCompile Include="Mesh\SMDMesh.cpp">
      <Filter>Mesh\Studiomdl</Filter>
    </ClCompile>
    <ClCompile Include="Mesh\SMDAnimation.cpp">
      <Filter>Mesh\Studiomdl</Filter>
    </ClCompile>
    <ClCompile Include="Mesh\LTBFile.cpp">
      <Filter>Mesh\LTB</Filter>
    </ClCompile>
    <ClCompile Include="Mesh\SkeletonNode.cpp">
      <Filter>Mesh\LTB</Filter>
    </ClCompile>
    <ClCompile Include="Mesh\LTBRender.cpp">
      <Filter>Mesh\LTB</Filter>
    </ClCompile>
    <ClCompile Include="Mesh\LTBMesh.cpp">
      <Filter>Mesh\LTB</Filter>
    </ClCompile>
    <ClCompile Include="World\Terrain.cpp">
      <Filter>World\Terrain</Filter>
    </ClCompile>
    <ClCompile Include="Scene\Scene.cpp">
      <Filter>Scene</Filter>
    </ClCompile>
  </ItemGroup>
  <ItemGroup>
    <ClInclude Include="Math\EulerAngles.h">
      <Filter>Math</Filter>
    </ClInclude>
    <ClInclude Include="Math\Matrix.h">
      <Filter>Math</Filter>
    </ClInclude>
    <ClInclude Include="Math\Quaternion.h">
      <Filter>Math</Filter>
    </ClInclude>
    <ClInclude Include="StackAllocator.h">
      <Filter>Math</Filter>
    </ClInclude>
    <ClInclude Include="Math\Vector.h">
      <Filter>Math</Filter>
    </ClInclude>
    <ClInclude Include="Math\CMath.h">
      <Filter>Math</Filter>
    </ClInclude>
    <ClInclude Include="Math\Plane.h">
      <Filter>Math</Filter>
    </ClInclude>
    <ClInclude Include="Math\MatrixStack.h">
      <Filter>Math</Filter>
    </ClInclude>
    <ClInclude Include="iostream.h" />
    <ClInclude Include="Common\Common.h">
      <Filter>Common</Filter>
    </ClInclude>
    <ClInclude Include="Common\Log.h">
      <Filter>Common</Filter>
    </ClInclude>
    <ClInclude Include="Common\Timer.h">
      <Filter>Common</Filter>
    </ClInclude>
    <ClInclude Include="Light\DirectionLight.h">
      <Filter>Light</Filter>
    </ClInclude>
    <ClInclude Include="Light\ILight.h">
      <Filter>Light</Filter>
    </ClInclude>
    <ClInclude Include="Light\PointLight.h">
      <Filter>Light</Filter>
    </ClInclude>
    <ClInclude Include="Light\Spotlight.h">
      <Filter>Light</Filter>
    </ClInclude>
    <ClInclude Include="Mesh\Axis.h">
      <Filter>Mesh</Filter>
    </ClInclude>
    <ClInclude Include="Mesh\Cube.h">
      <Filter>Mesh</Filter>
    </ClInclude>
    <ClInclude Include="Mesh\Mesh.h">
      <Filter>Mesh</Filter>
    </ClInclude>
    <ClInclude Include="Mesh\Quad.h">
      <Filter>Mesh</Filter>
    </ClInclude>
    <ClInclude Include="Physic\Particle.h">
      <Filter>Physic</Filter>
    </ClInclude>
    <ClInclude Include="Physic\pfgen.h">
      <Filter>Physic</Filter>
    </ClInclude>
    <ClInclude Include="Renderer\Font.h">
      <Filter>Renderer</Filter>
    </ClInclude>
    <ClInclude Include="Renderer\RenderTarget.h">
      <Filter>Renderer</Filter>
    </ClInclude>
    <ClInclude Include="Renderer\SkyBox.h">
      <Filter>Renderer</Filter>
    </ClInclude>
    <ClInclude Include="Resource\ResourceLoader.h">
      <Filter>Resource</Filter>
    </ClInclude>
    <ClInclude Include="Scene\Interface.h">
      <Filter>Scene</Filter>
    </ClInclude>
    <ClInclude Include="Scene\SceneNode.h">
      <Filter>Scene</Filter>
    </ClInclude>
    <ClInclude Include="Common\Shader.h">
      <Filter>Common</Filter>
    </ClInclude>
    <ClInclude Include="Renderer\FrameBuffer.h">
      <Filter>Renderer</Filter>
    </ClInclude>
    <ClInclude Include="Renderer\MSSA.h">
      <Filter>Renderer</Filter>
    </ClInclude>
    <ClInclude Include="Camera.h">
      <Filter>Scene</Filter>
    </ClInclude>
    <ClInclude Include="Math\Frustum.h">
      <Filter>Scene</Filter>
    </ClInclude>
    <ClInclude Include="Windows.h">
      <Filter>Source Files</Filter>
    </ClInclude>
    <ClInclude Include="World\Quake3BSP.h">
      <Filter>World</Filter>
    </ClInclude>
    <ClInclude Include="World\MapRenderer.h">
      <Filter>World</Filter>
    </ClInclude>
    <ClInclude Include="World\Quake3BSPDef.h">
      <Filter>World</Filter>
    </ClInclude>
    <ClInclude Include="World\Bsp.h">
      <Filter>World\CSGO</Filter>
    </ClInclude>
    <ClInclude Include="World\BspDef.h">
      <Filter>World\CSGO</Filter>
    </ClInclude>
    <ClInclude Include="World\BspRenderer.h">
      <Filter>World\CSGO</Filter>
    </ClInclude>
    <ClInclude Include="World\Entity.h">
      <Filter>World\CSGO</Filter>
    </ClInclude>
    <ClInclude Include="World\Image.h">
      <Filter>World\CSGO</Filter>
    </ClInclude>
    <ClInclude Include="World\BSPMesh.h">
      <Filter>World</Filter>
    </ClInclude>
    <ClInclude Include="Resource\Texture.h">
      <Filter>Resource</Filter>
    </ClInclude>
    <ClInclude Include="Common\Input.h">
      <Filter>Common</Filter>
    </ClInclude>
    <ClInclude Include="Mesh\SMDModel.h">
      <Filter>Mesh\Studiomdl</Filter>
    </ClInclude>
    <ClInclude Include="Mesh\SMDRenderer.h">
      <Filter>Mesh\Studiomdl</Filter>
    </ClInclude>
    <ClInclude Include="Mesh\SMDMesh.h">
      <Filter>Mesh\Studiomdl</Filter>
    </ClInclude>
    <ClInclude Include="Mesh\SMDAnimation.h">
      <Filter>Mesh\Studiomdl</Filter>
    </ClInclude>
    <ClInclude Include="Mesh\LTBFile.h">
      <Filter>Mesh\LTB</Filter>
    </ClInclude>
    <ClInclude Include="Mesh\LTBDef.h">
      <Filter>Mesh\LTB</Filter>
    </ClInclude>
    <ClInclude Include="Mesh\LTBMesh.h">
      <Filter>Mesh\LTB</Filter>
    </ClInclude>
    <ClInclude Include="Mesh\SkeletonNode.h">
      <Filter>Mesh\LTB</Filter>
    </ClInclude>
    <ClInclude Include="Mesh\LTBRender.h">
      <Filter>Mesh\LTB</Filter>
    </ClInclude>
    <ClInclude Include="World\Terrain.h">
      <Filter>World\Terrain</Filter>
    </ClInclude>
    <ClInclude Include="Scene\Scene.h">
      <Filter>Scene</Filter>
    </ClInclude>
  </ItemGroup>
  <ItemGroup>
    <None Include="Game\Shader\Quad.frag">
      <Filter>Shader Program</Filter>
    </None>
    <None Include="Game\Shader\Quad.vs">
      <Filter>Shader Program</Filter>
    </None>
    <None Include="Game\Shader\Simple.vs">
      <Filter>Shader Program</Filter>
    </None>
    <None Include="Game\Shader\Simple2D.vs">
      <Filter>Shader Program</Filter>
    </None>
    <None Include="Game\Shader\SkyBox.frag">
      <Filter>Shader Program</Filter>
    </None>
    <None Include="Game\Shader\SkyBox.vs">
      <Filter>Shader Program</Filter>
    </None>
    <None Include="Game\Shader\Sun.frag">
      <Filter>Shader Program</Filter>
    </None>
    <None Include="Game\Shader\Sun.vs">
      <Filter>Shader Program</Filter>
    </None>
    <None Include="Game\Shader\Text2D.frag">
      <Filter>Shader Program</Filter>
    </None>
    <None Include="Game\Shader\Text2D.vs">
      <Filter>Shader Program</Filter>
    </None>
    <None Include="Game\Shader\Simple.frag">
      <Filter>Shader Program</Filter>
    </None>
    <None Include="Game\Shader\basic_shader.frag">
      <Filter>Shader Program</Filter>
    </None>
    <None Include="Game\Shader\basic_shader.vert">
      <Filter>Shader Program</Filter>
    </None>
    <None Include="Game\Shader\Skeleton.frag">
      <Filter>Shader Program</Filter>
    </None>
    <None Include="Game\Shader\Terrain.vs">
      <Filter>Shader Program</Filter>
    </None>
  </ItemGroup>
  <ItemGroup>
    <Text Include="Game\Shader\Skeleton.vs">
      <Filter>Shader Program</Filter>
    </Text>
    <Text Include="Game\Shader\Terrain.frag">
      <Filter>Shader Program</Filter>
    </Text>
  </ItemGroup>
</Project>